
Microsoft Visual Studio Solution File, Format Version 12.00
# Visual Studio Version 16
VisualStudioVersion = 16.0.30104.148
MinimumVisualStudioVersion = 10.0.40219.1
Project("{FAE04EC0-301F-11D3-BF4B-00C04F79EFBC}") = "Kursovik", "Kursovik\Kursovik.csproj", "{154BFB4D-0886-4DC5-B2C2-E43C9CD81F31}"
EndProject
Global
	GlobalSection(SolutionConfigurationPlatforms) = preSolution
		Debug|Any CPU = Debug|Any CPU
		Release|Any CPU = Release|Any CPU
	EndGlobalSection
	GlobalSection(ProjectConfigurationPlatforms) = postSolution
		{154BFB4D-0886-4DC5-B2C2-E43C9CD81F31}.Debug|Any CPU.ActiveCfg = Debug|Any CPU
		{154BFB4D-0886-4DC5-B2C2-E43C9CD81F31}.Debug|Any CPU.Build.0 = Debug|Any CPU
		{154BFB4D-0886-4DC5-B2C2-E43C9CD81F31}.Release|Any CPU.ActiveCfg = Release|Any CPU
		{154BFB4D-0886-4DC5-B2C2-E43C9CD81F31}.Release|Any CPU.Build.0 = Release|Any CPU
	EndGlobalSection
	GlobalSection(SolutionProperties) = preSolution
		HideSolutionNode = FALSE
	EndGlobalSection
	GlobalSection(ExtensibilityGlobals) = postSolution
		SolutionGuid = {2F299A50-4E9B-4785-BA8B-2264849841B5}
	EndGlobalSection
EndGlobal
